# This file is automatically @generated by Poetry 1.4.1 and should not be changed by hand.

[[package]]
name = "attrs"
version = "22.2.0"
description = "Classes Without Boilerplate"
category = "dev"
optional = false
python-versions = ">=3.6"
files = [
    {file = "attrs-22.2.0-py3-none-any.whl", hash = "sha256:29e95c7f6778868dbd49170f98f8818f78f3dc5e0e37c0b1f474e3561b240836"},
    {file = "attrs-22.2.0.tar.gz", hash = "sha256:c9227bfc2f01993c03f68db37d1d15c9690188323c067c641f1a35ca58185f99"},
]

[package.extras]
cov = ["attrs[tests]", "coverage-enable-subprocess", "coverage[toml] (>=5.3)"]
dev = ["attrs[docs,tests]"]
docs = ["furo", "myst-parser", "sphinx", "sphinx-notfound-page", "sphinxcontrib-towncrier", "towncrier", "zope.interface"]
tests = ["attrs[tests-no-zope]", "zope.interface"]
tests-no-zope = ["cloudpickle", "cloudpickle", "hypothesis", "hypothesis", "mypy (>=0.971,<0.990)", "mypy (>=0.971,<0.990)", "pympler", "pympler", "pytest (>=4.3.0)", "pytest (>=4.3.0)", "pytest-mypy-plugins", "pytest-mypy-plugins", "pytest-xdist[psutil]", "pytest-xdist[psutil]"]

[[package]]
name = "cfgv"
version = "3.3.1"
description = "Validate configuration and produce human readable error messages."
category = "dev"
optional = false
python-versions = ">=3.6.1"
files = [
    {file = "cfgv-3.3.1-py2.py3-none-any.whl", hash = "sha256:c6a0883f3917a037485059700b9e75da2464e6c27051014ad85ba6aaa5884426"},
    {file = "cfgv-3.3.1.tar.gz", hash = "sha256:f5a830efb9ce7a445376bb66ec94c638a9787422f96264c98edc6bdeed8ab736"},
]

[[package]]
name = "colorama"
version = "0.4.6"
description = "Cross-platform colored terminal text."
category = "dev"
optional = false
python-versions = "!=3.0.*,!=3.1.*,!=3.2.*,!=3.3.*,!=3.4.*,!=3.5.*,!=3.6.*,>=2.7"
files = [
    {file = "colorama-0.4.6-py2.py3-none-any.whl", hash = "sha256:4f1d9991f5acc0ca119f9d443620b77f9d6b33703e51011c16baf57afb285fc6"},
    {file = "colorama-0.4.6.tar.gz", hash = "sha256:08695f5cb7ed6e0531a20572697297273c47b8cae5a63ffc6d6ed5c201be6e44"},
]

[[package]]
name = "distlib"
version = "0.3.6"
description = "Distribution utilities"
category = "dev"
optional = false
python-versions = "*"
files = [
    {file = "distlib-0.3.6-py2.py3-none-any.whl", hash = "sha256:f35c4b692542ca110de7ef0bea44d73981caeb34ca0b9b6b2e6d7790dda8f80e"},
    {file = "distlib-0.3.6.tar.gz", hash = "sha256:14bad2d9b04d3a36127ac97f30b12a19268f211063d8f8ee4f47108896e11b46"},
]

[[package]]
name = "duckdb"
version = "0.7.2.dev899"
description = "DuckDB embedded database"
category = "main"
optional = false
python-versions = "*"
files = [
    {file = "duckdb-0.7.2.dev899-cp310-cp310-macosx_10_9_universal2.whl", hash = "sha256:6c64e82315336d3401d7afeb1b57e994d6e7f06bd6b6057d441c7f0b61817aab"},
    {file = "duckdb-0.7.2.dev899-cp310-cp310-macosx_10_9_x86_64.whl", hash = "sha256:70cbdc8c74a358e0d93c9ae5fbda7b43d821350b36b15b3c2e83611178032c8c"},
    {file = "duckdb-0.7.2.dev899-cp310-cp310-macosx_11_0_arm64.whl", hash = "sha256:58eec6832f22c74cba4d01793fa9cc9a1b10ce2a21e65ee7b5ee5012cfcdaf01"},
    {file = "duckdb-0.7.2.dev899-cp310-cp310-manylinux_2_17_i686.manylinux2014_i686.whl", hash = "sha256:b829d7cf6f03769aa2f1d1f3a169fe6048baea464795cdfbb7534ee26429712d"},
    {file = "duckdb-0.7.2.dev899-cp310-cp310-manylinux_2_17_x86_64.manylinux2014_x86_64.whl", hash = "sha256:160fc85c138801cc57c157d7c7b12793afd0c839c3e186636e30073f5ab4853b"},
    {file = "duckdb-0.7.2.dev899-cp310-cp310-musllinux_1_1_i686.whl", hash = "sha256:5af710b551576407c3ef44f998ac5e66142fc59ef957eee9b83bd190ff8ea59b"},
    {file = "duckdb-0.7.2.dev899-cp310-cp310-musllinux_1_1_x86_64.whl", hash = "sha256:e495e63e9c01bc3de563c44602eff3a7d5817ba39385887f9b98bcb0d8d30673"},
    {file = "duckdb-0.7.2.dev899-cp310-cp310-win32.whl", hash = "sha256:f86e57ae1b80cd08c39b3b71e7e1fba923897a23bc259bf2662ddaac8a1ed329"},
    {file = "duckdb-0.7.2.dev899-cp310-cp310-win_amd64.whl", hash = "sha256:eeedc4f386d7b0de12dcd343952e3f226ae6fbe3d0a52fa9505985405df5a7f1"},
    {file = "duckdb-0.7.2.dev899-cp311-cp311-macosx_10_9_universal2.whl", hash = "sha256:1eb83cd6d00232cad23a82bfc1923e34606c9adde5314bcbacf942b952db214b"},
    {file = "duckdb-0.7.2.dev899-cp311-cp311-macosx_10_9_x86_64.whl", hash = "sha256:76a4ad2f8f5cd6b9660adc3f309ff84f7c943f976b73ec8999d56281c8618c45"},
    {file = "duckdb-0.7.2.dev899-cp311-cp311-macosx_11_0_arm64.whl", hash = "sha256:253261cd43102a1e4ee4eeb1a67ce1f0e3f694efb9b9a91b797eac18a8629abb"},
    {file = "duckdb-0.7.2.dev899-cp311-cp311-manylinux_2_17_i686.manylinux2014_i686.whl", hash = "sha256:122217948983f695ad7a395172de21c4d35a7006915089f50dcadc0af147aac6"},
    {file = "duckdb-0.7.2.dev899-cp311-cp311-manylinux_2_17_x86_64.manylinux2014_x86_64.whl", hash = "sha256:313ce568d2e6c60222841f78273c5b7138c3485ec13cc0e7694303b8aa8bcca2"},
    {file = "duckdb-0.7.2.dev899-cp311-cp311-musllinux_1_1_i686.whl", hash = "sha256:c9ab039da43a3e6abf95716341abb4566efa1c990990f2767ab2b744464ed1ea"},
    {file = "duckdb-0.7.2.dev899-cp311-cp311-musllinux_1_1_x86_64.whl", hash = "sha256:7de9e71e08c03efac7b5b1ef016f4e7e1e5fb48a4b6a99a23a9e0b968e47b6ad"},
    {file = "duckdb-0.7.2.dev899-cp311-cp311-win32.whl", hash = "sha256:c89d0e20a032fc7b2bc8c4312ad555dafd59f3c878a3f2dedcdc78e2d319edf8"},
    {file = "duckdb-0.7.2.dev899-cp311-cp311-win_amd64.whl", hash = "sha256:4e5da979f7fb7f972c766048733ff7b96812e1d916a5084a8d801afd6963d9e7"},
    {file = "duckdb-0.7.2.dev899-cp36-cp36m-macosx_10_9_x86_64.whl", hash = "sha256:e7b8e237c1bc45b6fdb37c3b59b64ca85519f114d17c3c3a101a8231fe9caa46"},
    {file = "duckdb-0.7.2.dev899-cp36-cp36m-win32.whl", hash = "sha256:d3d4298cc9b928db474542120d73566a9783e30f8c0b995b5115b0bb0631f144"},
    {file = "duckdb-0.7.2.dev899-cp36-cp36m-win_amd64.whl", hash = "sha256:6dafcf98251563e41a8bc20325d41f506d8442e35d79a54b2cc9d1725ae976db"},
    {file = "duckdb-0.7.2.dev899-cp37-cp37m-macosx_10_9_x86_64.whl", hash = "sha256:99cf7ba131d8f50ac7301134ffff8464084cd7d0b1d03eef20be79e1b32b3bc6"},
    {file = "duckdb-0.7.2.dev899-cp37-cp37m-manylinux_2_17_i686.manylinux2014_i686.whl", hash = "sha256:e4ac3e96473fea9276379ed5aa8ffee2b9c9f7c09be8a280a195cee274b64d72"},
    {file = "duckdb-0.7.2.dev899-cp37-cp37m-manylinux_2_17_x86_64.manylinux2014_x86_64.whl", hash = "sha256:f7c2df52483b61f018a5792f2c64d88e19a4f0d008ce8c7a85c61730aa3e92a3"},
    {file = "duckdb-0.7.2.dev899-cp37-cp37m-musllinux_1_1_i686.whl", hash = "sha256:62e0a140eb8c5e9e2bb9a3ae7846dcb95d136e8cbded3e0c355bec8f81662c59"},
    {file = "duckdb-0.7.2.dev899-cp37-cp37m-musllinux_1_1_x86_64.whl", hash = "sha256:5c45f2208736aebfd6987e6873e86a061913a675e1b6238cd25e2fdff16299a5"},
    {file = "duckdb-0.7.2.dev899-cp37-cp37m-win32.whl", hash = "sha256:b5ddee2b4493bd361c1ddb0b668760257f577773f8078d1b05d21908f4fa6f6b"},
    {file = "duckdb-0.7.2.dev899-cp37-cp37m-win_amd64.whl", hash = "sha256:a198367712973d3a9423ed9c32fe41389a6715798027f8cb4039743b616fbfa1"},
    {file = "duckdb-0.7.2.dev899-cp38-cp38-macosx_10_9_universal2.whl", hash = "sha256:d09fa1107a188050fd106c2fe60159a62ad230c92ab18e3850a01a163d0c530b"},
    {file = "duckdb-0.7.2.dev899-cp38-cp38-macosx_10_9_x86_64.whl", hash = "sha256:12050f1e523b43641cbcb689f09a4a145cd26dfc3987b8c596d662ca5bde9d60"},
    {file = "duckdb-0.7.2.dev899-cp38-cp38-macosx_11_0_arm64.whl", hash = "sha256:d748716b60ecc8046e3039b25bb1ce04bebaf548304279969aa719e8b2c80b3a"},
    {file = "duckdb-0.7.2.dev899-cp38-cp38-manylinux_2_17_i686.manylinux2014_i686.whl", hash = "sha256:abd43d2e37a7a24591b337a2c3de062bdcadfec8a2383a812e19e108056dcc6e"},
    {file = "duckdb-0.7.2.dev899-cp38-cp38-manylinux_2_17_x86_64.manylinux2014_x86_64.whl", hash = "sha256:260dd2cdb55b5a289a6f92038b6fe68a45b6d72957f7b447cf16eb354246aa6a"},
    {file = "duckdb-0.7.2.dev899-cp38-cp38-musllinux_1_1_i686.whl", hash = "sha256:361396b52035090fe9adcc63e908126419bd4e4e6cba3dc370ecc7d78aadc3cd"},
    {file = "duckdb-0.7.2.dev899-cp38-cp38-musllinux_1_1_x86_64.whl", hash = "sha256:ae7a05d2a6ef61976edf159240fc663113cfb0b55afe6878b2f410aad8cbc233"},
    {file = "duckdb-0.7.2.dev899-cp38-cp38-win32.whl", hash = "sha256:0fc38625d81e86502666fb2368f6a8206c3fd7bbf472ec59f26e0e3f29360e30"},
    {file = "duckdb-0.7.2.dev899-cp38-cp38-win_amd64.whl", hash = "sha256:c75323eeae8e77561017e6b3981d626fc4167f0bb026ddca9d87367ccc08d5f8"},
    {file = "duckdb-0.7.2.dev899-cp39-cp39-macosx_10_9_universal2.whl", hash = "sha256:9da0972b0e41a284abbb1128653da604e87bf157a9519f31eb22eb470613485f"},
    {file = "duckdb-0.7.2.dev899-cp39-cp39-macosx_10_9_x86_64.whl", hash = "sha256:95c0866132ef4b6044227543970b9dc73dcb8ed01d93b3564dce9f00b817c66e"},
    {file = "duckdb-0.7.2.dev899-cp39-cp39-macosx_11_0_arm64.whl", hash = "sha256:0bd2d13949ea324ff0173f29f87bca5f963e08ef2157292844a231494c42b92f"},
    {file = "duckdb-0.7.2.dev899-cp39-cp39-manylinux_2_17_i686.manylinux2014_i686.whl", hash = "sha256:f9935f73973ab69e489bd471ecdb549bf29d2f46ddc4f313cce2e65360725a9a"},
    {file = "duckdb-0.7.2.dev899-cp39-cp39-manylinux_2_17_x86_64.manylinux2014_x86_64.whl", hash = "sha256:82c65d18a95b1c5891cf17f554b1ad520058e455391669ca8afbb811191e2a59"},
    {file = "duckdb-0.7.2.dev899-cp39-cp39-musllinux_1_1_i686.whl", hash = "sha256:3ac1545fc49e734d5619079c624251643c538da88b7bdb1444c5accd29be2291"},
    {file = "duckdb-0.7.2.dev899-cp39-cp39-musllinux_1_1_x86_64.whl", hash = "sha256:d9067622ff23bb902e998246935a31c447266f052cdec38e39295d60f30b2ceb"},
    {file = "duckdb-0.7.2.dev899-cp39-cp39-win32.whl", hash = "sha256:d1b0b77cb9479112ac7cd59174b80c7e55695e7a538baec3abaedb2717da602e"},
    {file = "duckdb-0.7.2.dev899-cp39-cp39-win_amd64.whl", hash = "sha256:5001a88c726412e10e464cd2834ed6429ca394adddbb7c77db3df8482118af22"},
    {file = "duckdb-0.7.2.dev899.tar.gz", hash = "sha256:46a14adc9750d4e23d82774ac180b7464098036771330094fbc993a40954c5a1"},
]

[[package]]
name = "exceptiongroup"
version = "1.1.1"
description = "Backport of PEP 654 (exception groups)"
category = "dev"
optional = false
python-versions = ">=3.7"
files = [
    {file = "exceptiongroup-1.1.1-py3-none-any.whl", hash = "sha256:232c37c63e4f682982c8b6459f33a8981039e5fb8756b2074364e5055c498c9e"},
    {file = "exceptiongroup-1.1.1.tar.gz", hash = "sha256:d484c3090ba2889ae2928419117447a14daf3c1231d5e30d0aae34f354f01785"},
]

[package.extras]
test = ["pytest (>=6)"]

[[package]]
name = "fancycompleter"
version = "0.9.1"
description = "colorful TAB completion for Python prompt"
category = "dev"
optional = false
python-versions = "*"
files = [
    {file = "fancycompleter-0.9.1-py3-none-any.whl", hash = "sha256:dd076bca7d9d524cc7f25ec8f35ef95388ffef9ef46def4d3d25e9b044ad7080"},
    {file = "fancycompleter-0.9.1.tar.gz", hash = "sha256:09e0feb8ae242abdfd7ef2ba55069a46f011814a80fe5476be48f51b00247272"},
]

[package.dependencies]
pyreadline = {version = "*", markers = "platform_system == \"Windows\""}
pyrepl = ">=0.8.2"

[[package]]
name = "fastdiff"
version = "0.3.0"
description = "A fast native implementation of diff algorithm with a pure python fallback"
category = "dev"
optional = false
python-versions = "*"
files = [
    {file = "fastdiff-0.3.0-py2.py3-none-any.whl", hash = "sha256:ca5f61f6ddf5a1564ddfd98132ad28e7abe4a88a638a8b014a2214f71e5918ec"},
    {file = "fastdiff-0.3.0.tar.gz", hash = "sha256:4dfa09c47832a8c040acda3f1f55fc0ab4d666f0e14e6951e6da78d59acd945a"},
]

[package.dependencies]
wasmer = ">=1.0.0"
wasmer-compiler-cranelift = ">=1.0.0"

[[package]]
name = "filelock"
version = "3.10.0"
description = "A platform independent file lock."
category = "dev"
optional = false
python-versions = ">=3.7"
files = [
    {file = "filelock-3.10.0-py3-none-any.whl", hash = "sha256:e90b34656470756edf8b19656785c5fea73afa1953f3e1b0d645cef11cab3182"},
    {file = "filelock-3.10.0.tar.gz", hash = "sha256:3199fd0d3faea8b911be52b663dfccceb84c95949dd13179aa21436d1a79c4ce"},
]

[package.extras]
docs = ["furo (>=2022.12.7)", "sphinx (>=6.1.3)", "sphinx-autodoc-typehints (>=1.22,!=1.23.4)"]
testing = ["covdefaults (>=2.3)", "coverage (>=7.2.1)", "pytest (>=7.2.2)", "pytest-cov (>=4)", "pytest-timeout (>=2.1)"]

[[package]]
name = "identify"
version = "2.5.21"
description = "File identification library for Python"
category = "dev"
optional = false
python-versions = ">=3.7"
files = [
    {file = "identify-2.5.21-py2.py3-none-any.whl", hash = "sha256:69edcaffa8e91ae0f77d397af60f148b6b45a8044b2cc6d99cafa5b04793ff00"},
    {file = "identify-2.5.21.tar.gz", hash = "sha256:7671a05ef9cfaf8ff63b15d45a91a1147a03aaccb2976d4e9bd047cbbc508471"},
]

[package.extras]
license = ["ukkonen"]

[[package]]
name = "iniconfig"
version = "2.0.0"
description = "brain-dead simple config-ini parsing"
category = "dev"
optional = false
python-versions = ">=3.7"
files = [
    {file = "iniconfig-2.0.0-py3-none-any.whl", hash = "sha256:b6a85871a79d2e3b22d2d1b94ac2824226a63c6b741c88f7ae975f18b6778374"},
    {file = "iniconfig-2.0.0.tar.gz", hash = "sha256:2d91e135bf72d31a410b17c16da610a82cb55f6b0477d1a902134b24a455b8b3"},
]

[[package]]
name = "markdown-it-py"
version = "2.2.0"
description = "Python port of markdown-it. Markdown parsing, done right!"
category = "dev"
optional = false
python-versions = ">=3.7"
files = [
    {file = "markdown-it-py-2.2.0.tar.gz", hash = "sha256:7c9a5e412688bc771c67432cbfebcdd686c93ce6484913dccf06cb5a0bea35a1"},
    {file = "markdown_it_py-2.2.0-py3-none-any.whl", hash = "sha256:5a35f8d1870171d9acc47b99612dc146129b631baf04970128b568f190d0cc30"},
]

[package.dependencies]
mdurl = ">=0.1,<1.0"

[package.extras]
benchmarking = ["psutil", "pytest", "pytest-benchmark"]
code-style = ["pre-commit (>=3.0,<4.0)"]
compare = ["commonmark (>=0.9,<1.0)", "markdown (>=3.4,<4.0)", "mistletoe (>=1.0,<2.0)", "mistune (>=2.0,<3.0)", "panflute (>=2.3,<3.0)"]
linkify = ["linkify-it-py (>=1,<3)"]
plugins = ["mdit-py-plugins"]
profiling = ["gprof2dot"]
rtd = ["attrs", "myst-parser", "pyyaml", "sphinx", "sphinx-copybutton", "sphinx-design", "sphinx_book_theme"]
testing = ["coverage", "pytest", "pytest-cov", "pytest-regressions"]

[[package]]
name = "mdurl"
version = "0.1.2"
description = "Markdown URL utilities"
category = "dev"
optional = false
python-versions = ">=3.7"
files = [
    {file = "mdurl-0.1.2-py3-none-any.whl", hash = "sha256:84008a41e51615a49fc9966191ff91509e3c40b939176e643fd50a5c2196b8f8"},
    {file = "mdurl-0.1.2.tar.gz", hash = "sha256:bb413d29f5eea38f31dd4754dd7377d4465116fb207585f97bf925588687c1ba"},
]

[[package]]
name = "nodeenv"
version = "1.7.0"
description = "Node.js virtual environment builder"
category = "dev"
optional = false
python-versions = ">=2.7,!=3.0.*,!=3.1.*,!=3.2.*,!=3.3.*,!=3.4.*,!=3.5.*,!=3.6.*"
files = [
    {file = "nodeenv-1.7.0-py2.py3-none-any.whl", hash = "sha256:27083a7b96a25f2f5e1d8cb4b6317ee8aeda3bdd121394e5ac54e498028a042e"},
    {file = "nodeenv-1.7.0.tar.gz", hash = "sha256:e0e7f7dfb85fc5394c6fe1e8fa98131a2473e04311a45afb6508f7cf1836fa2b"},
]

[package.dependencies]
setuptools = "*"

[[package]]
name = "packaging"
version = "23.0"
description = "Core utilities for Python packages"
category = "dev"
optional = false
python-versions = ">=3.7"
files = [
    {file = "packaging-23.0-py3-none-any.whl", hash = "sha256:714ac14496c3e68c99c29b00845f7a2b85f3bb6f1078fd9f72fd20f0570002b2"},
    {file = "packaging-23.0.tar.gz", hash = "sha256:b6ad297f8907de0fa2fe1ccbd26fdaf387f5f47c7275fedf8cce89f99446cf97"},
]

[[package]]
name = "pdbpp"
version = "0.10.3"
description = "pdb++, a drop-in replacement for pdb"
category = "dev"
optional = false
python-versions = "*"
files = [
    {file = "pdbpp-0.10.3-py2.py3-none-any.whl", hash = "sha256:79580568e33eb3d6f6b462b1187f53e10cd8e4538f7d31495c9181e2cf9665d1"},
    {file = "pdbpp-0.10.3.tar.gz", hash = "sha256:d9e43f4fda388eeb365f2887f4e7b66ac09dce9b6236b76f63616530e2f669f5"},
]

[package.dependencies]
fancycompleter = ">=0.8"
pygments = "*"
wmctrl = "*"

[package.extras]
funcsigs = ["funcsigs"]
testing = ["funcsigs", "pytest"]

[[package]]
name = "platformdirs"
version = "3.1.1"
description = "A small Python package for determining appropriate platform-specific dirs, e.g. a \"user data dir\"."
category = "dev"
optional = false
python-versions = ">=3.7"
files = [
    {file = "platformdirs-3.1.1-py3-none-any.whl", hash = "sha256:e5986afb596e4bb5bde29a79ac9061aa955b94fca2399b7aaac4090860920dd8"},
    {file = "platformdirs-3.1.1.tar.gz", hash = "sha256:024996549ee88ec1a9aa99ff7f8fc819bb59e2c3477b410d90a16d32d6e707aa"},
]

[package.extras]
docs = ["furo (>=2022.12.7)", "proselint (>=0.13)", "sphinx (>=6.1.3)", "sphinx-autodoc-typehints (>=1.22,!=1.23.4)"]
test = ["appdirs (==1.4.4)", "covdefaults (>=2.2.2)", "pytest (>=7.2.1)", "pytest-cov (>=4)", "pytest-mock (>=3.10)"]

[[package]]
name = "pluggy"
version = "1.0.0"
description = "plugin and hook calling mechanisms for python"
category = "dev"
optional = false
python-versions = ">=3.6"
files = [
    {file = "pluggy-1.0.0-py2.py3-none-any.whl", hash = "sha256:74134bbf457f031a36d68416e1509f34bd5ccc019f0bcc952c7b909d06b37bd3"},
    {file = "pluggy-1.0.0.tar.gz", hash = "sha256:4224373bacce55f955a878bf9cfa763c1e360858e330072059e10bad68531159"},
]

[package.extras]
dev = ["pre-commit", "tox"]
testing = ["pytest", "pytest-benchmark"]

[[package]]
name = "pre-commit"
version = "3.2.0"
description = "A framework for managing and maintaining multi-language pre-commit hooks."
category = "dev"
optional = false
python-versions = ">=3.8"
files = [
    {file = "pre_commit-3.2.0-py2.py3-none-any.whl", hash = "sha256:f712d3688102e13c8e66b7d7dbd8934a6dda157e58635d89f7d6fecdca39ce8a"},
    {file = "pre_commit-3.2.0.tar.gz", hash = "sha256:818f0d998059934d0f81bb3667e3ccdc32da6ed7ccaac33e43dc231561ddaaa9"},
]

[package.dependencies]
cfgv = ">=2.0.0"
identify = ">=1.0.0"
nodeenv = ">=0.11.1"
pyyaml = ">=5.1"
virtualenv = ">=20.10.0"

[[package]]
name = "pydantic"
version = "1.10.6"
description = "Data validation and settings management using python type hints"
category = "main"
optional = false
python-versions = ">=3.7"
files = [
    {file = "pydantic-1.10.6-cp310-cp310-macosx_10_9_x86_64.whl", hash = "sha256:f9289065611c48147c1dd1fd344e9d57ab45f1d99b0fb26c51f1cf72cd9bcd31"},
    {file = "pydantic-1.10.6-cp310-cp310-macosx_11_0_arm64.whl", hash = "sha256:8c32b6bba301490d9bb2bf5f631907803135e8085b6aa3e5fe5a770d46dd0160"},
    {file = "pydantic-1.10.6-cp310-cp310-manylinux_2_17_x86_64.manylinux2014_x86_64.whl", hash = "sha256:fd9b9e98068fa1068edfc9eabde70a7132017bdd4f362f8b4fd0abed79c33083"},
    {file = "pydantic-1.10.6-cp310-cp310-manylinux_2_5_i686.manylinux1_i686.manylinux_2_17_i686.manylinux2014_i686.whl", hash = "sha256:1c84583b9df62522829cbc46e2b22e0ec11445625b5acd70c5681ce09c9b11c4"},
    {file = "pydantic-1.10.6-cp310-cp310-musllinux_1_1_i686.whl", hash = "sha256:b41822064585fea56d0116aa431fbd5137ce69dfe837b599e310034171996084"},
    {file = "pydantic-1.10.6-cp310-cp310-musllinux_1_1_x86_64.whl", hash = "sha256:61f1f08adfaa9cc02e0cbc94f478140385cbd52d5b3c5a657c2fceb15de8d1fb"},
    {file = "pydantic-1.10.6-cp310-cp310-win_amd64.whl", hash = "sha256:32937835e525d92c98a1512218db4eed9ddc8f4ee2a78382d77f54341972c0e7"},
    {file = "pydantic-1.10.6-cp311-cp311-macosx_10_9_x86_64.whl", hash = "sha256:bbd5c531b22928e63d0cb1868dee76123456e1de2f1cb45879e9e7a3f3f1779b"},
    {file = "pydantic-1.10.6-cp311-cp311-macosx_11_0_arm64.whl", hash = "sha256:e277bd18339177daa62a294256869bbe84df1fb592be2716ec62627bb8d7c81d"},
    {file = "pydantic-1.10.6-cp311-cp311-manylinux_2_17_x86_64.manylinux2014_x86_64.whl", hash = "sha256:89f15277d720aa57e173954d237628a8d304896364b9de745dcb722f584812c7"},
    {file = "pydantic-1.10.6-cp311-cp311-manylinux_2_5_i686.manylinux1_i686.manylinux_2_17_i686.manylinux2014_i686.whl", hash = "sha256:b243b564cea2576725e77aeeda54e3e0229a168bc587d536cd69941e6797543d"},
    {file = "pydantic-1.10.6-cp311-cp311-musllinux_1_1_i686.whl", hash = "sha256:3ce13a558b484c9ae48a6a7c184b1ba0e5588c5525482681db418268e5f86186"},
    {file = "pydantic-1.10.6-cp311-cp311-musllinux_1_1_x86_64.whl", hash = "sha256:3ac1cd4deed871dfe0c5f63721e29debf03e2deefa41b3ed5eb5f5df287c7b70"},
    {file = "pydantic-1.10.6-cp311-cp311-win_amd64.whl", hash = "sha256:b1eb6610330a1dfba9ce142ada792f26bbef1255b75f538196a39e9e90388bf4"},
    {file = "pydantic-1.10.6-cp37-cp37m-macosx_10_9_x86_64.whl", hash = "sha256:4ca83739c1263a044ec8b79df4eefc34bbac87191f0a513d00dd47d46e307a65"},
    {file = "pydantic-1.10.6-cp37-cp37m-manylinux_2_17_x86_64.manylinux2014_x86_64.whl", hash = "sha256:ea4e2a7cb409951988e79a469f609bba998a576e6d7b9791ae5d1e0619e1c0f2"},
    {file = "pydantic-1.10.6-cp37-cp37m-manylinux_2_5_i686.manylinux1_i686.manylinux_2_17_i686.manylinux2014_i686.whl", hash = "sha256:53de12b4608290992a943801d7756f18a37b7aee284b9ffa794ee8ea8153f8e2"},
    {file = "pydantic-1.10.6-cp37-cp37m-musllinux_1_1_i686.whl", hash = "sha256:60184e80aac3b56933c71c48d6181e630b0fbc61ae455a63322a66a23c14731a"},
    {file = "pydantic-1.10.6-cp37-cp37m-musllinux_1_1_x86_64.whl", hash = "sha256:415a3f719ce518e95a92effc7ee30118a25c3d032455d13e121e3840985f2efd"},
    {file = "pydantic-1.10.6-cp37-cp37m-win_amd64.whl", hash = "sha256:72cb30894a34d3a7ab6d959b45a70abac8a2a93b6480fc5a7bfbd9c935bdc4fb"},
    {file = "pydantic-1.10.6-cp38-cp38-macosx_10_9_x86_64.whl", hash = "sha256:3091d2eaeda25391405e36c2fc2ed102b48bac4b384d42b2267310abae350ca6"},
    {file = "pydantic-1.10.6-cp38-cp38-macosx_11_0_arm64.whl", hash = "sha256:751f008cd2afe812a781fd6aa2fb66c620ca2e1a13b6a2152b1ad51553cb4b77"},
    {file = "pydantic-1.10.6-cp38-cp38-manylinux_2_17_x86_64.manylinux2014_x86_64.whl", hash = "sha256:12e837fd320dd30bd625be1b101e3b62edc096a49835392dcf418f1a5ac2b832"},
    {file = "pydantic-1.10.6-cp38-cp38-manylinux_2_5_i686.manylinux1_i686.manylinux_2_17_i686.manylinux2014_i686.whl", hash = "sha256:587d92831d0115874d766b1f5fddcdde0c5b6c60f8c6111a394078ec227fca6d"},
    {file = "pydantic-1.10.6-cp38-cp38-musllinux_1_1_i686.whl", hash = "sha256:476f6674303ae7965730a382a8e8d7fae18b8004b7b69a56c3d8fa93968aa21c"},
    {file = "pydantic-1.10.6-cp38-cp38-musllinux_1_1_x86_64.whl", hash = "sha256:3a2be0a0f32c83265fd71a45027201e1278beaa82ea88ea5b345eea6afa9ac7f"},
    {file = "pydantic-1.10.6-cp38-cp38-win_amd64.whl", hash = "sha256:0abd9c60eee6201b853b6c4be104edfba4f8f6c5f3623f8e1dba90634d63eb35"},
    {file = "pydantic-1.10.6-cp39-cp39-macosx_10_9_x86_64.whl", hash = "sha256:6195ca908045054dd2d57eb9c39a5fe86409968b8040de8c2240186da0769da7"},
    {file = "pydantic-1.10.6-cp39-cp39-macosx_11_0_arm64.whl", hash = "sha256:43cdeca8d30de9a897440e3fb8866f827c4c31f6c73838e3a01a14b03b067b1d"},
    {file = "pydantic-1.10.6-cp39-cp39-manylinux_2_17_x86_64.manylinux2014_x86_64.whl", hash = "sha256:4c19eb5163167489cb1e0161ae9220dadd4fc609a42649e7e84a8fa8fff7a80f"},
    {file = "pydantic-1.10.6-cp39-cp39-manylinux_2_5_i686.manylinux1_i686.manylinux_2_17_i686.manylinux2014_i686.whl", hash = "sha256:012c99a9c0d18cfde7469aa1ebff922e24b0c706d03ead96940f5465f2c9cf62"},
    {file = "pydantic-1.10.6-cp39-cp39-musllinux_1_1_i686.whl", hash = "sha256:528dcf7ec49fb5a84bf6fe346c1cc3c55b0e7603c2123881996ca3ad79db5bfc"},
    {file = "pydantic-1.10.6-cp39-cp39-musllinux_1_1_x86_64.whl", hash = "sha256:163e79386c3547c49366e959d01e37fc30252285a70619ffc1b10ede4758250a"},
    {file = "pydantic-1.10.6-cp39-cp39-win_amd64.whl", hash = "sha256:189318051c3d57821f7233ecc94708767dd67687a614a4e8f92b4a020d4ffd06"},
    {file = "pydantic-1.10.6-py3-none-any.whl", hash = "sha256:acc6783751ac9c9bc4680379edd6d286468a1dc8d7d9906cd6f1186ed682b2b0"},
    {file = "pydantic-1.10.6.tar.gz", hash = "sha256:cf95adb0d1671fc38d8c43dd921ad5814a735e7d9b4d9e437c088002863854fd"},
]

[package.dependencies]
typing-extensions = ">=4.2.0"

[package.extras]
dotenv = ["python-dotenv (>=0.10.4)"]
email = ["email-validator (>=1.0.3)"]

[[package]]
name = "pygments"
version = "2.14.0"
description = "Pygments is a syntax highlighting package written in Python."
category = "dev"
optional = false
python-versions = ">=3.6"
files = [
    {file = "Pygments-2.14.0-py3-none-any.whl", hash = "sha256:fa7bd7bd2771287c0de303af8bfdfc731f51bd2c6a47ab69d117138893b82717"},
    {file = "Pygments-2.14.0.tar.gz", hash = "sha256:b3ed06a9e8ac9a9aae5a6f5dbe78a8a58655d17b43b93c078f094ddc476ae297"},
]

[package.extras]
plugins = ["importlib-metadata"]

[[package]]
name = "pyreadline"
version = "2.1"
description = "A python implmementation of GNU readline."
category = "dev"
optional = false
python-versions = "*"
files = [
    {file = "pyreadline-2.1.zip", hash = "sha256:4530592fc2e85b25b1a9f79664433da09237c1a270e4d78ea5aa3a2c7229e2d1"},
]

[[package]]
name = "pyrepl"
version = "0.9.0"
description = "A library for building flexible command line interfaces"
category = "dev"
optional = false
python-versions = "*"
files = [
    {file = "pyrepl-0.9.0.tar.gz", hash = "sha256:292570f34b5502e871bbb966d639474f2b57fbfcd3373c2d6a2f3d56e681a775"},
]

[[package]]
name = "pytest"
version = "7.2.2"
description = "pytest: simple powerful testing with Python"
category = "dev"
optional = false
python-versions = ">=3.7"
files = [
    {file = "pytest-7.2.2-py3-none-any.whl", hash = "sha256:130328f552dcfac0b1cec75c12e3f005619dc5f874f0a06e8ff7263f0ee6225e"},
    {file = "pytest-7.2.2.tar.gz", hash = "sha256:c99ab0c73aceb050f68929bc93af19ab6db0558791c6a0715723abe9d0ade9d4"},
]

[package.dependencies]
attrs = ">=19.2.0"
colorama = {version = "*", markers = "sys_platform == \"win32\""}
exceptiongroup = {version = ">=1.0.0rc8", markers = "python_version < \"3.11\""}
iniconfig = "*"
packaging = "*"
pluggy = ">=0.12,<2.0"
tomli = {version = ">=1.0.0", markers = "python_version < \"3.11\""}

[package.extras]
testing = ["argcomplete", "hypothesis (>=3.56)", "mock", "nose", "pygments (>=2.7.2)", "requests", "xmlschema"]

[[package]]
name = "pyyaml"
version = "6.0"
description = "YAML parser and emitter for Python"
category = "dev"
optional = false
python-versions = ">=3.6"
files = [
    {file = "PyYAML-6.0-cp310-cp310-macosx_10_9_x86_64.whl", hash = "sha256:d4db7c7aef085872ef65a8fd7d6d09a14ae91f691dec3e87ee5ee0539d516f53"},
    {file = "PyYAML-6.0-cp310-cp310-macosx_11_0_arm64.whl", hash = "sha256:9df7ed3b3d2e0ecfe09e14741b857df43adb5a3ddadc919a2d94fbdf78fea53c"},
    {file = "PyYAML-6.0-cp310-cp310-manylinux_2_17_aarch64.manylinux2014_aarch64.whl", hash = "sha256:77f396e6ef4c73fdc33a9157446466f1cff553d979bd00ecb64385760c6babdc"},
    {file = "PyYAML-6.0-cp310-cp310-manylinux_2_17_s390x.manylinux2014_s390x.whl", hash = "sha256:a80a78046a72361de73f8f395f1f1e49f956c6be882eed58505a15f3e430962b"},
    {file = "PyYAML-6.0-cp310-cp310-manylinux_2_5_x86_64.manylinux1_x86_64.manylinux_2_12_x86_64.manylinux2010_x86_64.whl", hash = "sha256:f84fbc98b019fef2ee9a1cb3ce93e3187a6df0b2538a651bfb890254ba9f90b5"},
    {file = "PyYAML-6.0-cp310-cp310-win32.whl", hash = "sha256:2cd5df3de48857ed0544b34e2d40e9fac445930039f3cfe4bcc592a1f836d513"},
    {file = "PyYAML-6.0-cp310-cp310-win_amd64.whl", hash = "sha256:daf496c58a8c52083df09b80c860005194014c3698698d1a57cbcfa182142a3a"},
    {file = "PyYAML-6.0-cp311-cp311-macosx_10_9_x86_64.whl", hash = "sha256:d4b0ba9512519522b118090257be113b9468d804b19d63c71dbcf4a48fa32358"},
    {file = "PyYAML-6.0-cp311-cp311-macosx_11_0_arm64.whl", hash = "sha256:81957921f441d50af23654aa6c5e5eaf9b06aba7f0a19c18a538dc7ef291c5a1"},
    {file = "PyYAML-6.0-cp311-cp311-manylinux_2_17_aarch64.manylinux2014_aarch64.whl", hash = "sha256:afa17f5bc4d1b10afd4466fd3a44dc0e245382deca5b3c353d8b757f9e3ecb8d"},
    {file = "PyYAML-6.0-cp311-cp311-manylinux_2_17_s390x.manylinux2014_s390x.whl", hash = "sha256:dbad0e9d368bb989f4515da330b88a057617d16b6a8245084f1b05400f24609f"},
    {file = "PyYAML-6.0-cp311-cp311-manylinux_2_17_x86_64.manylinux2014_x86_64.whl", hash = "sha256:432557aa2c09802be39460360ddffd48156e30721f5e8d917f01d31694216782"},
    {file = "PyYAML-6.0-cp311-cp311-win32.whl", hash = "sha256:bfaef573a63ba8923503d27530362590ff4f576c626d86a9fed95822a8255fd7"},
    {file = "PyYAML-6.0-cp311-cp311-win_amd64.whl", hash = "sha256:01b45c0191e6d66c470b6cf1b9531a771a83c1c4208272ead47a3ae4f2f603bf"},
    {file = "PyYAML-6.0-cp36-cp36m-macosx_10_9_x86_64.whl", hash = "sha256:897b80890765f037df3403d22bab41627ca8811ae55e9a722fd0392850ec4d86"},
    {file = "PyYAML-6.0-cp36-cp36m-manylinux_2_17_aarch64.manylinux2014_aarch64.whl", hash = "sha256:50602afada6d6cbfad699b0c7bb50d5ccffa7e46a3d738092afddc1f9758427f"},
    {file = "PyYAML-6.0-cp36-cp36m-manylinux_2_17_s390x.manylinux2014_s390x.whl", hash = "sha256:48c346915c114f5fdb3ead70312bd042a953a8ce5c7106d5bfb1a5254e47da92"},
    {file = "PyYAML-6.0-cp36-cp36m-manylinux_2_5_x86_64.manylinux1_x86_64.manylinux_2_12_x86_64.manylinux2010_x86_64.whl", hash = "sha256:98c4d36e99714e55cfbaaee6dd5badbc9a1ec339ebfc3b1f52e293aee6bb71a4"},
    {file = "PyYAML-6.0-cp36-cp36m-win32.whl", hash = "sha256:0283c35a6a9fbf047493e3a0ce8d79ef5030852c51e9d911a27badfde0605293"},
    {file = "PyYAML-6.0-cp36-cp36m-win_amd64.whl", hash = "sha256:07751360502caac1c067a8132d150cf3d61339af5691fe9e87803040dbc5db57"},
    {file = "PyYAML-6.0-cp37-cp37m-macosx_10_9_x86_64.whl", hash = "sha256:819b3830a1543db06c4d4b865e70ded25be52a2e0631ccd2f6a47a2822f2fd7c"},
    {file = "PyYAML-6.0-cp37-cp37m-manylinux_2_17_aarch64.manylinux2014_aarch64.whl", hash = "sha256:473f9edb243cb1935ab5a084eb238d842fb8f404ed2193a915d1784b5a6b5fc0"},
    {file = "PyYAML-6.0-cp37-cp37m-manylinux_2_17_s390x.manylinux2014_s390x.whl", hash = "sha256:0ce82d761c532fe4ec3f87fc45688bdd3a4c1dc5e0b4a19814b9009a29baefd4"},
    {file = "PyYAML-6.0-cp37-cp37m-manylinux_2_5_x86_64.manylinux1_x86_64.manylinux_2_12_x86_64.manylinux2010_x86_64.whl", hash = "sha256:231710d57adfd809ef5d34183b8ed1eeae3f76459c18fb4a0b373ad56bedcdd9"},
    {file = "PyYAML-6.0-cp37-cp37m-win32.whl", hash = "sha256:c5687b8d43cf58545ade1fe3e055f70eac7a5a1a0bf42824308d868289a95737"},
    {file = "PyYAML-6.0-cp37-cp37m-win_amd64.whl", hash = "sha256:d15a181d1ecd0d4270dc32edb46f7cb7733c7c508857278d3d378d14d606db2d"},
    {file = "PyYAML-6.0-cp38-cp38-macosx_10_9_x86_64.whl", hash = "sha256:0b4624f379dab24d3725ffde76559cff63d9ec94e1736b556dacdfebe5ab6d4b"},
    {file = "PyYAML-6.0-cp38-cp38-manylinux_2_17_aarch64.manylinux2014_aarch64.whl", hash = "sha256:213c60cd50106436cc818accf5baa1aba61c0189ff610f64f4a3e8c6726218ba"},
    {file = "PyYAML-6.0-cp38-cp38-manylinux_2_17_s390x.manylinux2014_s390x.whl", hash = "sha256:9fa600030013c4de8165339db93d182b9431076eb98eb40ee068700c9c813e34"},
    {file = "PyYAML-6.0-cp38-cp38-manylinux_2_5_x86_64.manylinux1_x86_64.manylinux_2_12_x86_64.manylinux2010_x86_64.whl", hash = "sha256:277a0ef2981ca40581a47093e9e2d13b3f1fbbeffae064c1d21bfceba2030287"},
    {file = "PyYAML-6.0-cp38-cp38-win32.whl", hash = "sha256:d4eccecf9adf6fbcc6861a38015c2a64f38b9d94838ac1810a9023a0609e1b78"},
    {file = "PyYAML-6.0-cp38-cp38-win_amd64.whl", hash = "sha256:1e4747bc279b4f613a09eb64bba2ba602d8a6664c6ce6396a4d0cd413a50ce07"},
    {file = "PyYAML-6.0-cp39-cp39-macosx_10_9_x86_64.whl", hash = "sha256:055d937d65826939cb044fc8c9b08889e8c743fdc6a32b33e2390f66013e449b"},
    {file = "PyYAML-6.0-cp39-cp39-macosx_11_0_arm64.whl", hash = "sha256:e61ceaab6f49fb8bdfaa0f92c4b57bcfbea54c09277b1b4f7ac376bfb7a7c174"},
    {file = "PyYAML-6.0-cp39-cp39-manylinux_2_17_aarch64.manylinux2014_aarch64.whl", hash = "sha256:d67d839ede4ed1b28a4e8909735fc992a923cdb84e618544973d7dfc71540803"},
    {file = "PyYAML-6.0-cp39-cp39-manylinux_2_17_s390x.manylinux2014_s390x.whl", hash = "sha256:cba8c411ef271aa037d7357a2bc8f9ee8b58b9965831d9e51baf703280dc73d3"},
    {file = "PyYAML-6.0-cp39-cp39-manylinux_2_5_x86_64.manylinux1_x86_64.manylinux_2_12_x86_64.manylinux2010_x86_64.whl", hash = "sha256:40527857252b61eacd1d9af500c3337ba8deb8fc298940291486c465c8b46ec0"},
    {file = "PyYAML-6.0-cp39-cp39-win32.whl", hash = "sha256:b5b9eccad747aabaaffbc6064800670f0c297e52c12754eb1d976c57e4f74dcb"},
    {file = "PyYAML-6.0-cp39-cp39-win_amd64.whl", hash = "sha256:b3d267842bf12586ba6c734f89d1f5b871df0273157918b0ccefa29deb05c21c"},
    {file = "PyYAML-6.0.tar.gz", hash = "sha256:68fb519c14306fec9720a2a5b45bc9f0c8d1b9c72adf45c37baedfcd949c35a2"},
]

[[package]]
name = "rich"
version = "13.3.2"
description = "Render rich text, tables, progress bars, syntax highlighting, markdown and more to the terminal"
category = "dev"
optional = false
python-versions = ">=3.7.0"
files = [
    {file = "rich-13.3.2-py3-none-any.whl", hash = "sha256:a104f37270bf677148d8acb07d33be1569eeee87e2d1beb286a4e9113caf6f2f"},
    {file = "rich-13.3.2.tar.gz", hash = "sha256:91954fe80cfb7985727a467ca98a7618e5dd15178cc2da10f553b36a93859001"},
]

[package.dependencies]
markdown-it-py = ">=2.2.0,<3.0.0"
pygments = ">=2.13.0,<3.0.0"

[package.extras]
jupyter = ["ipywidgets (>=7.5.1,<9)"]

[[package]]
name = "setuptools"
version = "67.6.0"
description = "Easily download, build, install, upgrade, and uninstall Python packages"
category = "dev"
optional = false
python-versions = ">=3.7"
files = [
    {file = "setuptools-67.6.0-py3-none-any.whl", hash = "sha256:b78aaa36f6b90a074c1fa651168723acbf45d14cb1196b6f02c0fd07f17623b2"},
    {file = "setuptools-67.6.0.tar.gz", hash = "sha256:2ee892cd5f29f3373097f5a814697e397cf3ce313616df0af11231e2ad118077"},
]

[package.extras]
docs = ["furo", "jaraco.packaging (>=9)", "jaraco.tidelift (>=1.4)", "pygments-github-lexers (==0.0.5)", "rst.linker (>=1.9)", "sphinx (>=3.5)", "sphinx-favicon", "sphinx-hoverxref (<2)", "sphinx-inline-tabs", "sphinx-lint", "sphinx-notfound-page (==0.8.3)", "sphinx-reredirects", "sphinxcontrib-towncrier"]
testing = ["build[virtualenv]", "filelock (>=3.4.0)", "flake8 (<5)", "flake8-2020", "ini2toml[lite] (>=0.9)", "jaraco.envs (>=2.2)", "jaraco.path (>=3.2.0)", "pip (>=19.1)", "pip-run (>=8.8)", "pytest (>=6)", "pytest-black (>=0.3.7)", "pytest-checkdocs (>=2.4)", "pytest-cov", "pytest-enabler (>=1.3)", "pytest-flake8", "pytest-mypy (>=0.9.1)", "pytest-perf", "pytest-timeout", "pytest-xdist", "tomli-w (>=1.0.0)", "virtualenv (>=13.0.0)", "wheel"]
testing-integration = ["build[virtualenv]", "filelock (>=3.4.0)", "jaraco.envs (>=2.2)", "jaraco.path (>=3.2.0)", "pytest", "pytest-enabler", "pytest-xdist", "tomli", "virtualenv (>=13.0.0)", "wheel"]

[[package]]
name = "six"
version = "1.16.0"
description = "Python 2 and 3 compatibility utilities"
category = "dev"
optional = false
python-versions = ">=2.7, !=3.0.*, !=3.1.*, !=3.2.*"
files = [
    {file = "six-1.16.0-py2.py3-none-any.whl", hash = "sha256:8abb2f1d86890a2dfb989f9a77cfcfd3e47c2a354b01111771326f8aa26e0254"},
    {file = "six-1.16.0.tar.gz", hash = "sha256:1e61c37477a1626458e36f7b1d82aa5c9b094fa4802892072e49de9c60c4c926"},
]

[[package]]
name = "snapshottest"
version = "0.6.0"
description = "Snapshot testing for pytest, unittest, Django, and Nose"
category = "dev"
optional = false
python-versions = "*"
files = [
    {file = "snapshottest-0.6.0-py2.py3-none-any.whl", hash = "sha256:9b177cffe0870c589df8ddbee0a770149c5474b251955bdbde58b7f32a4ec429"},
    {file = "snapshottest-0.6.0.tar.gz", hash = "sha256:bbcaf81d92d8e330042e5c928e13d9f035e99e91b314fe55fda949c2f17b653c"},
]

[package.dependencies]
fastdiff = ">=0.1.4,<1"
six = ">=1.10.0"
termcolor = "*"

[package.extras]
nose = ["nose"]
pytest = ["pytest"]
test = ["django (>=1.10.6)", "nose", "pytest (>=4.6)", "pytest-cov", "six"]

[[package]]
name = "termcolor"
version = "2.2.0"
description = "ANSI color formatting for output in terminal"
category = "dev"
optional = false
python-versions = ">=3.7"
files = [
    {file = "termcolor-2.2.0-py3-none-any.whl", hash = "sha256:91ddd848e7251200eac969846cbae2dacd7d71c2871e92733289e7e3666f48e7"},
    {file = "termcolor-2.2.0.tar.gz", hash = "sha256:dfc8ac3f350788f23b2947b3e6cfa5a53b630b612e6cd8965a015a776020b99a"},
]

[package.extras]
tests = ["pytest", "pytest-cov"]

[[package]]
name = "tomli"
version = "2.0.1"
description = "A lil' TOML parser"
category = "dev"
optional = false
python-versions = ">=3.7"
files = [
    {file = "tomli-2.0.1-py3-none-any.whl", hash = "sha256:939de3e7a6161af0c887ef91b7d41a53e7c5a1ca976325f429cb46ea9bc30ecc"},
    {file = "tomli-2.0.1.tar.gz", hash = "sha256:de526c12914f0c550d15924c62d72abc48d6fe7364aa87328337a31007fe8a4f"},
]

[[package]]
name = "typing-extensions"
version = "4.5.0"
description = "Backported and Experimental Type Hints for Python 3.7+"
category = "main"
optional = false
python-versions = ">=3.7"
files = [
    {file = "typing_extensions-4.5.0-py3-none-any.whl", hash = "sha256:fb33085c39dd998ac16d1431ebc293a8b3eedd00fd4a32de0ff79002c19511b4"},
    {file = "typing_extensions-4.5.0.tar.gz", hash = "sha256:5cb5f4a79139d699607b3ef622a1dedafa84e115ab0024e0d9c044a9479ca7cb"},
]

[[package]]
name = "virtualenv"
version = "20.21.0"
description = "Virtual Python Environment builder"
category = "dev"
optional = false
python-versions = ">=3.7"
files = [
    {file = "virtualenv-20.21.0-py3-none-any.whl", hash = "sha256:31712f8f2a17bd06234fa97fdf19609e789dd4e3e4bf108c3da71d710651adbc"},
    {file = "virtualenv-20.21.0.tar.gz", hash = "sha256:f50e3e60f990a0757c9b68333c9fdaa72d7188caa417f96af9e52407831a3b68"},
]

[package.dependencies]
distlib = ">=0.3.6,<1"
filelock = ">=3.4.1,<4"
platformdirs = ">=2.4,<4"

[package.extras]
docs = ["furo (>=2022.12.7)", "proselint (>=0.13)", "sphinx (>=6.1.3)", "sphinx-argparse (>=0.4)", "sphinxcontrib-towncrier (>=0.2.1a0)", "towncrier (>=22.12)"]
test = ["covdefaults (>=2.2.2)", "coverage (>=7.1)", "coverage-enable-subprocess (>=1)", "flaky (>=3.7)", "packaging (>=23)", "pytest (>=7.2.1)", "pytest-env (>=0.8.1)", "pytest-freezegun (>=0.4.2)", "pytest-mock (>=3.10)", "pytest-randomly (>=3.12)", "pytest-timeout (>=2.1)"]

[[package]]
name = "wasmer"
version = "1.1.0"
description = "Python extension to run WebAssembly binaries"
category = "dev"
optional = false
python-versions = "*"
files = [
    {file = "wasmer-1.1.0-cp310-cp310-macosx_10_7_x86_64.whl", hash = "sha256:c2af4b907ae2dabcac41e316e811d5937c93adf1f8b05c5d49427f8ce0f37630"},
    {file = "wasmer-1.1.0-cp310-cp310-manylinux_2_24_x86_64.whl", hash = "sha256:ab1ae980021e5ec0bf0c6cdd3b979b1d15a5f3eb2b8a32da8dcb1156e4a1e484"},
    {file = "wasmer-1.1.0-cp310-none-win_amd64.whl", hash = "sha256:d0d93aec6215893d33e803ef0a8d37bf948c585dd80ba0e23a83fafee820bc03"},
    {file = "wasmer-1.1.0-cp37-cp37m-macosx_10_7_x86_64.whl", hash = "sha256:1e63d16bd6e2e2272d8721647831de5c537e0bb08002ee6d7abf167ec02d5178"},
    {file = "wasmer-1.1.0-cp37-cp37m-manylinux_2_24_x86_64.whl", hash = "sha256:85e6a5bf44853e8e6a12e947ee3412da9e84f7ce49fc165ba5dbd293e9c5c405"},
    {file = "wasmer-1.1.0-cp37-none-win_amd64.whl", hash = "sha256:a182a6eca9b46d895b4985fc822fab8da3d2f84fab74ca27e55a7430a7fcf336"},
    {file = "wasmer-1.1.0-cp38-cp38-macosx_10_7_x86_64.whl", hash = "sha256:214d9a3cfb577ea9449eb2b5f13adceae34c55365e4c3d930066beb86a7f67bc"},
    {file = "wasmer-1.1.0-cp38-cp38-manylinux_2_24_x86_64.whl", hash = "sha256:b9e5605552bd7d2bc6337519b176defe83bc69b98abf3caaaefa4f7ec231d18a"},
    {file = "wasmer-1.1.0-cp38-none-win_amd64.whl", hash = "sha256:20b5190112e2e94a8947967f2bc683c9685855d0f34130d8434c87a55216a3bd"},
    {file = "wasmer-1.1.0-cp39-cp39-macosx_10_7_x86_64.whl", hash = "sha256:ee442f0970f40ec5e32011c92fd753fb2061da0faa13de13fafc730c31be34e3"},
    {file = "wasmer-1.1.0-cp39-cp39-macosx_11_0_arm64.whl", hash = "sha256:aa112198b743cff2e391230436813fb4b244a24443e37866522b7197e3a034da"},
    {file = "wasmer-1.1.0-cp39-cp39-manylinux_2_24_x86_64.whl", hash = "sha256:c0b37117f6d3ff51ee96431c7d224d99799b08d174e30fcd0fcd7e2e3cb8140c"},
    {file = "wasmer-1.1.0-cp39-none-win_amd64.whl", hash = "sha256:a0a4730ec4907a4cb0d9d4a77ea2608c2c814f22a22b73fc80be0f110e014836"},
    {file = "wasmer-1.1.0-py3-none-any.whl", hash = "sha256:2caf8c67feae9cd4246421551036917811c446da4f27ad4c989521ef42751931"},
]

[[package]]
name = "wasmer-compiler-cranelift"
version = "1.1.0"
description = "The Cranelift compiler for the `wasmer` package (to compile WebAssembly module)"
category = "dev"
optional = false
python-versions = "*"
files = [
    {file = "wasmer_compiler_cranelift-1.1.0-cp310-cp310-macosx_10_7_x86_64.whl", hash = "sha256:9869910179f39696a020edc5689f7759257ac1cce569a7a0fcf340c59788baad"},
    {file = "wasmer_compiler_cranelift-1.1.0-cp310-cp310-manylinux_2_24_x86_64.whl", hash = "sha256:405546ee864ac158a4107f374dfbb1c8d6cfb189829bdcd13050143a4bd98f28"},
    {file = "wasmer_compiler_cranelift-1.1.0-cp310-none-win_amd64.whl", hash = "sha256:bdf75af9ef082e6aeb752550f694273340ece970b65099e0746db0f972760d11"},
    {file = "wasmer_compiler_cranelift-1.1.0-cp37-cp37m-macosx_10_7_x86_64.whl", hash = "sha256:7d9c782b7721789b16e303b7e70c59df370896dd62b77e2779e3a44b4e1aa20c"},
    {file = "wasmer_compiler_cranelift-1.1.0-cp37-cp37m-manylinux_2_24_x86_64.whl", hash = "sha256:ff7dd5bd69030b63521c24583bf0f5457cd2580237340b91ce35370f72a4a1cc"},
    {file = "wasmer_compiler_cranelift-1.1.0-cp37-none-win_amd64.whl", hash = "sha256:447285402e366a34667a674db70458c491acd6940b797c175c0b0027f48e64bb"},
    {file = "wasmer_compiler_cranelift-1.1.0-cp38-cp38-macosx_10_7_x86_64.whl", hash = "sha256:55a524985179f6b7b88ac973e8fac5a2574d3b125a966fba75fedd5a2525e484"},
    {file = "wasmer_compiler_cranelift-1.1.0-cp38-cp38-manylinux_2_24_x86_64.whl", hash = "sha256:bd03db5a916ead51b442c66acad38847dfe127cf90b2019b1680f1920c4f8d06"},
    {file = "wasmer_compiler_cranelift-1.1.0-cp38-none-win_amd64.whl", hash = "sha256:157d87cbd1d04adbad55b50cb4bedc28e444caf74797fd96df17390667e58699"},
    {file = "wasmer_compiler_cranelift-1.1.0-cp39-cp39-macosx_10_7_x86_64.whl", hash = "sha256:ff25fc99ebafa04a6c271d08a90d17b927930e3019a2b333c7cfb48ba32c6f71"},
    {file = "wasmer_compiler_cranelift-1.1.0-cp39-cp39-macosx_11_0_arm64.whl", hash = "sha256:9697ae082317a56776df8ff7df8c922eac38488ef38d3478fe5f0ca144c185ab"},
    {file = "wasmer_compiler_cranelift-1.1.0-cp39-cp39-manylinux_2_24_x86_64.whl", hash = "sha256:2a4349b1ddd727bd46bc5ede741839dcfc5153c52f064a83998c4150d5d4a85c"},
    {file = "wasmer_compiler_cranelift-1.1.0-cp39-none-win_amd64.whl", hash = "sha256:32fe38614fccc933da77ee4372904a5fa9c12b859209a2e4048a8284c4c371f2"},
    {file = "wasmer_compiler_cranelift-1.1.0-py3-none-any.whl", hash = "sha256:200fea80609cfb088457327acf66d5aa61f4c4f66b5a71133ada960b534c7355"},
]

[[package]]
name = "wmctrl"
version = "0.4"
description = "A tool to programmatically control windows inside X"
category = "dev"
optional = false
python-versions = "*"
files = [
    {file = "wmctrl-0.4.tar.gz", hash = "sha256:66cbff72b0ca06a22ec3883ac3a4d7c41078bdae4fb7310f52951769b10e14e0"},
]

[metadata]
lock-version = "2.0"
python-versions = "^3.10"
content-hash = "e8c374b6b594e6071c2683f69d0aec456ceac38b221cd78599e855f4a404bcf4"
